
Microsoft Visual Studio Solution File, Format Version 9.00
# Visual Studio 2005
Project("{E24C65DC-7377-472B-9ABA-BC803B73C61A}") = "D:\www\tenpay_wap\", ".", "{D394788F-4E14-4296-8A00-5CEE4AC848EC}"
	ProjectSection(WebsiteProperties) = preProject
		ProjectReferences = "{17AFBB06-0A2A-4C7E-BB2A-06A72C9ED40B}|tenpayLib.dll;"
		Debug.AspNetCompiler.VirtualPath = "/tenpay_wap"
		Debug.AspNetCompiler.PhysicalPath = "D:\www\tenpay_wap\"
		Debug.AspNetCompiler.TargetPath = "PrecompiledWeb\tenpay_wap\"
		Debug.AspNetCompiler.Updateable = "true"
		Debug.AspNetCompiler.ForceOverwrite = "true"
		Debug.AspNetCompiler.FixedNames = "false"
		Debug.AspNetCompiler.Debug = "True"
		Release.AspNetCompiler.VirtualPath = "/tenpay_wap"
		Release.AspNetCompiler.PhysicalPath = "D:\www\tenpay_wap\"
		Release.AspNetCompiler.TargetPath = "PrecompiledWeb\tenpay_wap\"
		Release.AspNetCompiler.Updateable = "true"
		Release.AspNetCompiler.ForceOverwrite = "true"
		Release.AspNetCompiler.FixedNames = "false"
		Release.AspNetCompiler.Debug = "False"
		VWDPort = "2939"
		DefaultWebSiteLanguage = "Visual C#"
	EndProjectSection
EndProject
Project("{FAE04EC0-301F-11D3-BF4B-00C04F79EFBC}") = "tenpayLib", "tenpayLib\tenpayLib.csproj", "{17AFBB06-0A2A-4C7E-BB2A-06A72C9ED40B}"
EndProject
Global
	GlobalSection(SolutionConfigurationPlatforms) = preSolution
		Debug|.NET = Debug|.NET
		Debug|Any CPU = Debug|Any CPU
		Debug|Mixed Platforms = Debug|Mixed Platforms
		Release|.NET = Release|.NET
		Release|Any CPU = Release|Any CPU
		Release|Mixed Platforms = Release|Mixed Platforms
	EndGlobalSection
	GlobalSection(ProjectConfigurationPlatforms) = postSolution
		{D394788F-4E14-4296-8A00-5CEE4AC848EC}.Debug|.NET.ActiveCfg = Debug|.NET
		{D394788F-4E14-4296-8A00-5CEE4AC848EC}.Debug|.NET.Build.0 = Debug|.NET
		{D394788F-4E14-4296-8A00-5CEE4AC848EC}.Debug|Any CPU.ActiveCfg = Debug|.NET
		{D394788F-4E14-4296-8A00-5CEE4AC848EC}.Debug|Mixed Platforms.ActiveCfg = Debug|.NET
		{D394788F-4E14-4296-8A00-5CEE4AC848EC}.Debug|Mixed Platforms.Build.0 = Debug|.NET
		{D394788F-4E14-4296-8A00-5CEE4AC848EC}.Release|.NET.ActiveCfg = Debug|.NET
		{D394788F-4E14-4296-8A00-5CEE4AC848EC}.Release|.NET.Build.0 = Debug|.NET
		{D394788F-4E14-4296-8A00-5CEE4AC848EC}.Release|Any CPU.ActiveCfg = Debug|.NET
		{D394788F-4E14-4296-8A00-5CEE4AC848EC}.Release|Mixed Platforms.ActiveCfg = Debug|.NET
		{D394788F-4E14-4296-8A00-5CEE4AC848EC}.Release|Mixed Platforms.Build.0 = Debug|.NET
		{17AFBB06-0A2A-4C7E-BB2A-06A72C9ED40B}.Debug|.NET.ActiveCfg = Debug|Any CPU
		{17AFBB06-0A2A-4C7E-BB2A-06A72C9ED40B}.Debug|Any CPU.ActiveCfg = Debug|Any CPU
		{17AFBB06-0A2A-4C7E-BB2A-06A72C9ED40B}.Debug|Any CPU.Build.0 = Debug|Any CPU
		{17AFBB06-0A2A-4C7E-BB2A-06A72C9ED40B}.Debug|Mixed Platforms.ActiveCfg = Debug|Any CPU
		{17AFBB06-0A2A-4C7E-BB2A-06A72C9ED40B}.Debug|Mixed Platforms.Build.0 = Debug|Any CPU
		{17AFBB06-0A2A-4C7E-BB2A-06A72C9ED40B}.Release|.NET.ActiveCfg = Release|Any CPU
		{17AFBB06-0A2A-4C7E-BB2A-06A72C9ED40B}.Release|Any CPU.ActiveCfg = Release|Any CPU
		{17AFBB06-0A2A-4C7E-BB2A-06A72C9ED40B}.Release|Any CPU.Build.0 = Release|Any CPU
		{17AFBB06-0A2A-4C7E-BB2A-06A72C9ED40B}.Release|Mixed Platforms.ActiveCfg = Release|Any CPU
		{17AFBB06-0A2A-4C7E-BB2A-06A72C9ED40B}.Release|Mixed Platforms.Build.0 = Release|Any CPU
	EndGlobalSection
	GlobalSection(SolutionProperties) = preSolution
		HideSolutionNode = FALSE
	EndGlobalSection
EndGlobal
